
Microsoft Visual Studio Solution File, Format Version 12.00
# Visual Studio 2013
VisualStudioVersion = 12.0.30723.0
MinimumVisualStudioVersion = 10.0.40219.1
Project("{8BC9CEB8-8B4A-11D0-8D11-00A0C91BC942}") = "HyenaEngine", "..\HyenaEngine\HyenaEngine.vcxproj", "{CEF6BB3B-AED3-4ADC-AA9C-498E394EAD78}"
	ProjectSection(ProjectDependencies) = postProject
		{704116A6-B430-426E-B3EB-DD4B94DA4CAF} = {704116A6-B430-426E-B3EB-DD4B94DA4CAF}
	EndProjectSection
EndProject
Project("{8BC9CEB8-8B4A-11D0-8D11-00A0C91BC942}") = "SDK", "..\SDK\SDK.vcxproj", "{704116A6-B430-426E-B3EB-DD4B94DA4CAF}"
EndProject
Global
	GlobalSection(SolutionConfigurationPlatforms) = preSolution
		Debug|x64 = Debug|x64
		Development|x64 = Development|x64
		Release|x64 = Release|x64
	EndGlobalSection
	GlobalSection(ProjectConfigurationPlatforms) = postSolution
		{CEF6BB3B-AED3-4ADC-AA9C-498E394EAD78}.Debug|x64.ActiveCfg = Debug|x64
		{CEF6BB3B-AED3-4ADC-AA9C-498E394EAD78}.Debug|x64.Build.0 = Debug|x64
		{CEF6BB3B-AED3-4ADC-AA9C-498E394EAD78}.Development|x64.ActiveCfg = Development|x64
		{CEF6BB3B-AED3-4ADC-AA9C-498E394EAD78}.Development|x64.Build.0 = Development|x64
		{CEF6BB3B-AED3-4ADC-AA9C-498E394EAD78}.Release|x64.ActiveCfg = Release|x64
		{CEF6BB3B-AED3-4ADC-AA9C-498E394EAD78}.Release|x64.Build.0 = Release|x64
		{704116A6-B430-426E-B3EB-DD4B94DA4CAF}.Debug|x64.ActiveCfg = Debug|x64
		{704116A6-B430-426E-B3EB-DD4B94DA4CAF}.Debug|x64.Build.0 = Debug|x64
		{704116A6-B430-426E-B3EB-DD4B94DA4CAF}.Development|x64.ActiveCfg = Development|x64
		{704116A6-B430-426E-B3EB-DD4B94DA4CAF}.Development|x64.Build.0 = Development|x64
		{704116A6-B430-426E-B3EB-DD4B94DA4CAF}.Release|x64.ActiveCfg = Release|x64
		{704116A6-B430-426E-B3EB-DD4B94DA4CAF}.Release|x64.Build.0 = Release|x64
	EndGlobalSection
	GlobalSection(SolutionProperties) = preSolution
		HideSolutionNode = FALSE
	EndGlobalSection
EndGlobal
